<Solution>
  <Folder Name="/Solution Items/">
    <File Path=".gitignore" />
    <File Path="Directory.Build.props" />
    <File Path="Directory.Build.targets" />
    <File Path="Directory.Packages.props" />
    <File Path="global.json" />
  </Folder>
  <Project Path="MediaBrowser.Shared/MediaBrowser.Shared.shproj" Id="2dba28b7-f7d6-4f70-9795-2d77c9c217cf" />
  <Project Path="MediaBrowser.Xbox/MediaBrowser.Xbox.csproj">
    <Deploy />
  </Project>
  <Project Path="MediaBrowser/MediaBrowser.csproj">
    <Deploy />
  </Project>
</Solution>
